// !$*UTF8*$!
{
	archiveVersion = 1;
	classes = {
	};
	objectVersion = 50;
	objects = {

/* Begin PBXBuildFile section */
		6A01E1F393687946489AD8E7 /* Pods_Shaking.framework in Frameworks */ = {isa = PBXBuildFile; fileRef = 8DCD514B9AAD79E6002B4202 /* Pods_Shaking.framework */; };
		CEBBEEBF22F0352B0042FD4E /* AppDelegate.swift in Sources */ = {isa = PBXBuildFile; fileRef = CEBBEEBE22F0352B0042FD4E /* AppDelegate.swift */; };
		CEBBEEC122F0352B0042FD4E /* ViewController.swift in Sources */ = {isa = PBXBuildFile; fileRef = CEBBEEC022F0352B0042FD4E /* ViewController.swift */; };
		CEBBEEC422F0352B0042FD4E /* Main.storyboard in Resources */ = {isa = PBXBuildFile; fileRef = CEBBEEC222F0352B0042FD4E /* Main.storyboard */; };
		CEBBEEC622F0352C0042FD4E /* Assets.xcassets in Resources */ = {isa = PBXBuildFile; fileRef = CEBBEEC522F0352C0042FD4E /* Assets.xcassets */; };
		CEBBEEC922F0352C0042FD4E /* LaunchScreen.storyboard in Resources */ = {isa = PBXBuildFile; fileRef = CEBBEEC722F0352C0042FD4E /* LaunchScreen.storyboard */; };
/* End PBXBuildFile section */

/* Begin PBXFileReference section */
		095833F5B3DE2EF4CB89CAD7 /* Pods-Shaking.debug.xcconfig */ = {isa = PBXFileReference; includeInIndex = 1; lastKnownFileType = text.xcconfig; name = "Pods-Shaking.debug.xcconfig"; path = "Target Support Files/Pods-Shaking/Pods-Shaking.debug.xcconfig"; sourceTree = "<group>"; };
		8DCD514B9AAD79E6002B4202 /* Pods_Shaking.framework */ = {isa = PBXFileReference; explicitFileType = wrapper.framework; includeInIndex = 0; path = Pods_Shaking.framework; sourceTree = BUILT_PRODUCTS_DIR; };
		CEBBEEBB22F0352B0042FD4E /* Shaking.app */ = {isa = PBXFileReference; explicitFileType = wrapper.application; includeInIndex = 0; path = Shaking.app; sourceTree = BUILT_PRODUCTS_DIR; };
		CEBBEEBE22F0352B0042FD4E /* AppDelegate.swift */ = {isa = PBXFileReference; lastKnownFileType = sourcecode.swift; path = AppDelegate.swift; sourceTree = "<group>"; };
		CEBBEEC022F0352B0042FD4E /* ViewController.swift */ = {isa = PBXFileReference; lastKnownFileType = sourcecode.swift; path = ViewController.swift; sourceTree = "<group>"; };
		CEBBEEC322F0352B0042FD4E /* Base */ = {isa = PBXFileReference; lastKnownFileType = file.storyboard; name = Base; path = Base.lproj/Main.storyboard; sourceTree = "<group>"; };
		CEBBEEC522F0352C0042FD4E /* Assets.xcassets */ = {isa = PBXFileReference; lastKnownFileType = folder.assetcatalog; path = Assets.xcassets; sourceTree = "<group>"; };
		CEBBEEC822F0352C0042FD4E /* Base */ = {isa = PBXFileReference; lastKnownFileType = file.storyboard; name = Base; path = Base.lproj/LaunchScreen.storyboard; sourceTree = "<group>"; };
		CEBBEECA22F0352C0042FD4E /* Info.plist */ = {isa = PBXFileReference; lastKnownFileType = text.plist.xml; path = Info.plist; sourceTree = "<group>"; };
		E093B15D176189CA0CF9AF2A /* Pods-Shaking.release.xcconfig */ = {isa = PBXFileReference; includeInIndex = 1; lastKnownFileType = text.xcconfig; name = "Pods-Shaking.release.xcconfig"; path = "Target Support Files/Pods-Shaking/Pods-Shaking.release.xcconfig"; sourceTree = "<group>"; };
/* End PBXFileReference section */

/* Begin PBXFrameworksBuildPhase section */
		CEBBEEB822F0352B0042FD4E /* Frameworks */ = {
			isa = PBXFrameworksBuildPhase;
			buildActionMask = 2147483647;
			files = (
				6A01E1F393687946489AD8E7 /* Pods_Shaking.framework in Frameworks */,
			);
			runOnlyForDeploymentPostprocessing = 0;
		};
/* End PBXFrameworksBuildPhase section */

/* Begin PBXGroup section */
		B274E675734FCE044AC6C6F9 /* Frameworks */ = {
			isa = PBXGroup;
			children = (
				8DCD514B9AAD79E6002B4202 /* Pods_Shaking.framework */,
			);
			name = Frameworks;
			sourceTree = "<group>";
		};
		BC9B956966C030E95AFB34F3 /* Pods */ = {
			isa = PBXGroup;
			children = (
				095833F5B3DE2EF4CB89CAD7 /* Pods-Shaking.debug.xcconfig */,
				E093B15D176189CA0CF9AF2A /* Pods-Shaking.release.xcconfig */,
			);
			name = Pods;
			path = Pods;
			sourceTree = "<group>";
		};
		CEBBEEB222F0352B0042FD4E = {
			isa = PBXGroup;
			children = (
				CEBBEEBD22F0352B0042FD4E /* Shaking */,
				CEBBEEBC22F0352B0042FD4E /* Products */,
				BC9B956966C030E95AFB34F3 /* Pods */,
				B274E675734FCE044AC6C6F9 /* Frameworks */,
			);
			sourceTree = "<group>";
		};
		CEBBEEBC22F0352B0042FD4E /* Products */ = {
			isa = PBXGroup;
			children = (
				CEBBEEBB22F0352B0042FD4E /* Shaking.app */,
			);
			name = Products;
			sourceTree = "<group>";
		};
		CEBBEEBD22F0352B0042FD4E /* Shaking */ = {
			isa = PBXGroup;
			children = (
				CEBBEEBE22F0352B0042FD4E /* AppDelegate.swift */,
				CEBBEEC022F0352B0042FD4E /* ViewController.swift */,
				CEBBEEC222F0352B0042FD4E /* Main.storyboard */,
				CEBBEEC522F0352C0042FD4E /* Assets.xcassets */,
				CEBBEEC722F0352C0042FD4E /* LaunchScreen.storyboard */,
				CEBBEECA22F0352C0042FD4E /* Info.plist */,
			);
			path = Shaking;
			sourceTree = "<group>";
		};
/* End PBXGroup section */

/* Begin PBXNativeTarget section */
		CEBBEEBA22F0352B0042FD4E /* Shaking */ = {
			isa = PBXNativeTarget;
			buildConfigurationList = CEBBEECD22F0352C0042FD4E /* Build configuration list for PBXNativeTarget "Shaking" */;
			buildPhases = (
				22966EA831D406D2892AB8A5 /* [CP] Check Pods Manifest.lock */,
				CEBBEEB722F0352B0042FD4E /* Sources */,
				CEBBEEB822F0352B0042FD4E /* Frameworks */,
				CEBBEEB922F0352B0042FD4E /* Resources */,
				4577559A8E6F149F032E6050 /* [CP] Embed Pods Frameworks */,
			);
			buildRules = (
			);
			dependencies = (
			);
			name = Shaking;
			productName = Shaking;
			productReference = CEBBEEBB22F0352B0042FD4E /* Shaking.app */;
			productType = "com.apple.product-type.application";
		};
/* End PBXNativeTarget section */

/* Begin PBXProject section */
		CEBBEEB322F0352B0042FD4E /* Project object */ = {
			isa = PBXProject;
			attributes = {
				LastSwiftUpdateCheck = 1030;
				LastUpgradeCheck = 1030;
				ORGANIZATIONNAME = User;
				TargetAttributes = {
					CEBBEEBA22F0352B0042FD4E = {
						CreatedOnToolsVersion = 10.3;
					};
				};
			};
			buildConfigurationList = CEBBEEB622F0352B0042FD4E /* Build configuration list for PBXProject "Shaking" */;
			compatibilityVersion = "Xcode 9.3";
			developmentRegion = en;
			hasScannedForEncodings = 0;
			knownRegions = (
				en,
				Base,
			);
			mainGroup = CEBBEEB222F0352B0042FD4E;
			productRefGroup = CEBBEEBC22F0352B0042FD4E /* Products */;
			projectDirPath = "";
			projectRoot = "";
			targets = (
				CEBBEEBA22F0352B0042FD4E /* Shaking */,
			);
		};
/* End PBXProject section */

/* Begin PBXResourcesBuildPhase section */
		CEBBEEB922F0352B0042FD4E /* Resources */ = {
			isa = PBXResourcesBuildPhase;
			buildActionMask = 2147483647;
			files = (
				CEBBEEC922F0352C0042FD4E /* LaunchScreen.storyboard in Resources */,
				CEBBEEC622F0352C0042FD4E /* Assets.xcassets in Resources */,
				CEBBEEC422F0352B0042FD4E /* Main.storyboard in Resources */,
			);
			runOnlyForDeploymentPostprocessing = 0;
		};
/* End PBXResourcesBuildPhase section */

/* Begin PBXShellScriptBuildPhase section */
		22966EA831D406D2892AB8A5 /* [CP] Check Pods Manifest.lock */ = {
			isa = PBXShellScriptBuildPhase;
			buildActionMask = 2147483647;
			files = (
			);
			inputFileListPaths = (
			);
			inputPaths = (
				"${PODS_PODFILE_DIR_PATH}/Podfile.lock",
				"${PODS_ROOT}/Manifest.lock",
			);
			name = "[CP] Check Pods Manifest.lock";
			outputFileListPaths = (
			);
			outputPaths = (
				"$(DERIVED_FILE_DIR)/Pods-Shaking-checkManifestLockResult.txt",
			);
			runOnlyForDeploymentPostprocessing = 0;
			shellPath = /bin/sh;
			shellScript = "diff \"${PODS_PODFILE_DIR_PATH}/Podfile.lock\" \"${PODS_ROOT}/Manifest.lock\" > /dev/null\nif [ $? != 0 ] ; then\n    # print error to STDERR\n    echo \"error: The sandbox is not in sync with the Podfile.lock. Run 'pod install' or update your CocoaPods installation.\" >&2\n    exit 1\nfi\n# This output is used by Xcode 'outputs' to avoid re-running this script phase.\necho \"SUCCESS\" > \"${SCRIPT_OUTPUT_FILE_0}\"\n";
			showEnvVarsInLog = 0;
		};
		4577559A8E6F149F032E6050 /* [CP] Embed Pods Frameworks */ = {
			isa = PBXShellScriptBuildPhase;
			buildActionMask = 2147483647;
			files = (
			);
			inputFileListPaths = (
				"${PODS_ROOT}/Target Support Files/Pods-Shaking/Pods-Shaking-frameworks-${CONFIGURATION}-input-files.xcfilelist",
			);
			name = "[CP] Embed Pods Frameworks";
			outputFileListPaths = (
				"${PODS_ROOT}/Target Support Files/Pods-Shaking/Pods-Shaking-frameworks-${CONFIGURATION}-output-files.xcfilelist",
			);
			runOnlyForDeploymentPostprocessing = 0;
			shellPath = /bin/sh;
			shellScript = "\"${PODS_ROOT}/Target Support Files/Pods-Shaking/Pods-Shaking-frameworks.sh\"\n";
			showEnvVarsInLog = 0;
		};
/* End PBXShellScriptBuildPhase section */

/* Begin PBXSourcesBuildPhase section */
		CEBBEEB722F0352B0042FD4E /* Sources */ = {
			isa = PBXSourcesBuildPhase;
			buildActionMask = 2147483647;
			files = (
				CEBBEEC122F0352B0042FD4E /* ViewController.swift in Sources */,
				CEBBEEBF22F0352B0042FD4E /* AppDelegate.swift in Sources */,
			);
			runOnlyForDeploymentPostprocessing = 0;
		};
/* End PBXSourcesBuildPhase section */

/* Begin PBXVariantGroup section */
		CEBBEEC222F0352B0042FD4E /* Main.storyboard */ = {
			isa = PBXVariantGroup;
			children = (
				CEBBEEC322F0352B0042FD4E /* Base */,
			);
			name = Main.storyboard;
			sourceTree = "<group>";
		};
		CEBBEEC722F0352C0042FD4E /* LaunchScreen.storyboard */ = {
			isa = PBXVariantGroup;
			children = (
				CEBBEEC822F0352C0042FD4E /* Base */,
			);
			name = LaunchScreen.storyboard;
			sourceTree = "<group>";
		};
/* End PBXVariantGroup section */

/* Begin XCBuildConfiguration section */
		CEBBEECB22F0352C0042FD4E /* Debug */ = {
			isa = XCBuildConfiguration;
			buildSettings = {
				ALWAYS_SEARCH_USER_PATHS = NO;
				CLANG_ANALYZER_NONNULL = YES;
				CLANG_ANALYZER_NUMBER_OBJECT_CONVERSION = YES_AGGRESSIVE;
				CLANG_CXX_LANGUAGE_STANDARD = "gnu++14";
				CLANG_CXX_LIBRARY = "libc++";
				CLANG_ENABLE_MODULES = YES;
				CLANG_ENABLE_OBJC_ARC = YES;
				CLANG_ENABLE_OBJC_WEAK = YES;
				CLANG_WARN_BLOCK_CAPTURE_AUTORELEASING = YES;
				CLANG_WARN_BOOL_CONVERSION = YES;
				CLANG_WARN_COMMA = YES;
				CLANG_WARN_CONSTANT_CONVERSION = YES;
				CLANG_WARN_DEPRECATED_OBJC_IMPLEMENTATIONS = YES;
				CLANG_WARN_DIRECT_OBJC_ISA_USAGE = YES_ERROR;
				CLANG_WARN_DOCUMENTATION_COMMENTS = YES;
				CLANG_WARN_EMPTY_BODY = YES;
				CLANG_WARN_ENUM_CONVERSION = YES;
				CLANG_WARN_INFINITE_RECURSION = YES;
				CLANG_WARN_INT_CONVERSION = YES;
				CLANG_WARN_NON_LITERAL_NULL_CONVERSION = YES;
				CLANG_WARN_OBJC_IMPLICIT_RETAIN_SELF = YES;
				CLANG_WARN_OBJC_LITERAL_CONVERSION = YES;
				CLANG_WARN_OBJC_ROOT_CLASS = YES_ERROR;
				CLANG_WARN_RANGE_LOOP_ANALYSIS = YES;
				CLANG_WARN_STRICT_PROTOTYPES = YES;
				CLANG_WARN_SUSPICIOUS_MOVE = YES;
				CLANG_WARN_UNGUARDED_AVAILABILITY = YES_AGGRESSIVE;
				CLANG_WARN_UNREACHABLE_CODE = YES;
				CLANG_WARN__DUPLICATE_METHOD_MATCH = YES;
				CODE_SIGN_IDENTITY = "iPhone Developer";
				COPY_PHASE_STRIP = NO;
				DEBUG_INFORMATION_FORMAT = dwarf;
				ENABLE_STRICT_OBJC_MSGSEND = YES;
				ENABLE_TESTABILITY = YES;
				GCC_C_LANGUAGE_STANDARD = gnu11;
				GCC_DYNAMIC_NO_PIC = NO;
				GCC_NO_COMMON_BLOCKS = YES;
				GCC_OPTIMIZATION_LEVEL = 0;
				GCC_PREPROCESSOR_DEFINITIONS = (
					"DEBUG=1",
					"$(inherited)",
				);
				GCC_WARN_64_TO_32_BIT_CONVERSION = YES;
				GCC_WARN_ABOUT_RETURN_TYPE = YES_ERROR;
				GCC_WARN_UNDECLARED_SELECTOR = YES;
				GCC_WARN_UNINITIALIZED_AUTOS = YES_AGGRESSIVE;
				GCC_WARN_UNUSED_FUNCTION = YES;
				GCC_WARN_UNUSED_VARIABLE = YES;
				IPHONEOS_DEPLOYMENT_TARGET = 12.4;
				MTL_ENABLE_DEBUG_INFO = INCLUDE_SOURCE;
				MTL_FAST_MATH = YES;
				ONLY_ACTIVE_ARCH = YES;
				SDKROOT = iphoneos;
				SWIFT_ACTIVE_COMPILATION_CONDITIONS = DEBUG;
				SWIFT_OPTIMIZATION_LEVEL = "-Onone";
			};
			name = Debug;
		};
		CEBBEECC22F0352C0042FD4E /* Release */ = {
			isa = XCBuildConfiguration;
			buildSettings = {
				ALWAYS_SEARCH_USER_PATHS = NO;
				CLANG_ANALYZER_NONNULL = YES;
				CLANG_ANALYZER_NUMBER_OBJECT_CONVERSION = YES_AGGRESSIVE;
				CLANG_CXX_LANGUAGE_STANDARD = "gnu++14";
				CLANG_CXX_LIBRARY = "libc++";
				CLANG_ENABLE_MODULES = YES;
				CLANG_ENABLE_OBJC_ARC = YES;
				CLANG_ENABLE_OBJC_WEAK = YES;
				CLANG_WARN_BLOCK_CAPTURE_AUTORELEASING = YES;
				CLANG_WARN_BOOL_CONVERSION = YES;
				CLANG_WARN_COMMA = YES;
				CLANG_WARN_CONSTANT_CONVERSION = YES;
				CLANG_WARN_DEPRECATED_OBJC_IMPLEMENTATIONS = YES;
				CLANG_WARN_DIRECT_OBJC_ISA_USAGE = YES_ERROR;
				CLANG_WARN_DOCUMENTATION_COMMENTS = YES;
				CLANG_WARN_EMPTY_BODY = YES;
				CLANG_WARN_ENUM_CONVERSION = YES;
				CLANG_WARN_INFINITE_RECURSION = YES;
				CLANG_WARN_INT_CONVERSION = YES;
				CLANG_WARN_NON_LITERAL_NULL_CONVERSION = YES;
				CLANG_WARN_OBJC_IMPLICIT_RETAIN_SELF = YES;
				CLANG_WARN_OBJC_LITERAL_CONVERSION = YES;
				CLANG_WARN_OBJC_ROOT_CLASS = YES_ERROR;
				CLANG_WARN_RANGE_LOOP_ANALYSIS = YES;
				CLANG_WARN_STRICT_PROTOTYPES = YES;
				CLANG_WARN_SUSPICIOUS_MOVE = YES;
				CLANG_WARN_UNGUARDED_AVAILABILITY = YES_AGGRESSIVE;
				CLANG_WARN_UNREACHABLE_CODE = YES;
				CLANG_WARN__DUPLICATE_METHOD_MATCH = YES;
				CODE_SIGN_IDENTITY = "iPhone Developer";
				COPY_PHASE_STRIP = NO;
				DEBUG_INFORMATION_FORMAT = "dwarf-with-dsym";
				ENABLE_NS_ASSERTIONS = NO;
				ENABLE_STRICT_OBJC_MSGSEND = YES;
				GCC_C_LANGUAGE_STANDARD = gnu11;
				GCC_NO_COMMON_BLOCKS = YES;
				GCC_WARN_64_TO_32_BIT_CONVERSION = YES;
				GCC_WARN_ABOUT_RETURN_TYPE = YES_ERROR;
				GCC_WARN_UNDECLARED_SELECTOR = YES;
				GCC_WARN_UNINITIALIZED_AUTOS = YES_AGGRESSIVE;
				GCC_WARN_UNUSED_FUNCTION = YES;
				GCC_WARN_UNUSED_VARIABLE = YES;
				IPHONEOS_DEPLOYMENT_TARGET = 12.4;
				MTL_ENABLE_DEBUG_INFO = NO;
				MTL_FAST_MATH = YES;
				SDKROOT = iphoneos;
				SWIFT_COMPILATION_MODE = wholemodule;
				SWIFT_OPTIMIZATION_LEVEL = "-O";
				VALIDATE_PRODUCT = YES;
			};
			name = Release;
		};
		CEBBEECE22F0352C0042FD4E /* Debug */ = {
			isa = XCBuildConfiguration;
			baseConfigurationReference = 095833F5B3DE2EF4CB89CAD7 /* Pods-Shaking.debug.xcconfig */;
			buildSettings = {
				ASSETCATALOG_COMPILER_APPICON_NAME = AppIcon;
				CODE_SIGN_STYLE = Automatic;
				INFOPLIST_FILE = Shaking/Info.plist;
				LD_RUNPATH_SEARCH_PATHS = (
					"$(inherited)",
					"@executable_path/Frameworks",
				);
				PRODUCT_BUNDLE_IDENTIFIER = Pikachu.Shaking;
				PRODUCT_NAME = "$(TARGET_NAME)";
				SWIFT_VERSION = 5.0;
				TARGETED_DEVICE_FAMILY = "1,2";
			};
			name = Debug;
		};
		CEBBEECF22F0352C0042FD4E /* Release */ = {
			isa = XCBuildConfiguration;
			baseConfigurationReference = E093B15D176189CA0CF9AF2A /* Pods-Shaking.release.xcconfig */;
			buildSettings = {
				ASSETCATALOG_COMPILER_APPICON_NAME = AppIcon;
				CODE_SIGN_STYLE = Automatic;
				INFOPLIST_FILE = Shaking/Info.plist;
				LD_RUNPATH_SEARCH_PATHS = (
					"$(inherited)",
					"@executable_path/Frameworks",
				);
				PRODUCT_BUNDLE_IDENTIFIER = Pikachu.Shaking;
				PRODUCT_NAME = "$(TARGET_NAME)";
				SWIFT_VERSION = 5.0;
				TARGETED_DEVICE_FAMILY = "1,2";
			};
			name = Release;
		};
/* End XCBuildConfiguration section */

/* Begin XCConfigurationList section */
		CEBBEEB622F0352B0042FD4E /* Build configuration list for PBXProject "Shaking" */ = {
			isa = XCConfigurationList;
			buildConfigurations = (
				CEBBEECB22F0352C0042FD4E /* Debug */,
				CEBBEECC22F0352C0042FD4E /* Release */,
			);
			defaultConfigurationIsVisible = 0;
			defaultConfigurationName = Release;
		};
		CEBBEECD22F0352C0042FD4E /* Build configuration list for PBXNativeTarget "Shaking" */ = {
			isa = XCConfigurationList;
			buildConfigurations = (
				CEBBEECE22F0352C0042FD4E /* Debug */,
				CEBBEECF22F0352C0042FD4E /* Release */,
			);
			defaultConfigurationIsVisible = 0;
			defaultConfigurationName = Release;
		};
/* End XCConfigurationList section */
	};
	rootObject = CEBBEEB322F0352B0042FD4E /* Project object */;
}
