// !$*UTF8*$!
{
	archiveVersion = 1;
	classes = {
	};
	objectVersion = 50;
	objects = {

/* Begin PBXBuildFile section */
		3B164FB522ED97750053BAEA /* AppDelegate.swift in Sources */ = {isa = PBXBuildFile; fileRef = 3B164FB422ED97750053BAEA /* AppDelegate.swift */; };
		3B164FB722ED97750053BAEA /* ViewController.swift in Sources */ = {isa = PBXBuildFile; fileRef = 3B164FB622ED97750053BAEA /* ViewController.swift */; };
		3B164FBA22ED97750053BAEA /* Main.storyboard in Resources */ = {isa = PBXBuildFile; fileRef = 3B164FB822ED97750053BAEA /* Main.storyboard */; };
		3B164FBC22ED97770053BAEA /* Assets.xcassets in Resources */ = {isa = PBXBuildFile; fileRef = 3B164FBB22ED97770053BAEA /* Assets.xcassets */; };
		3B164FBF22ED97770053BAEA /* LaunchScreen.storyboard in Resources */ = {isa = PBXBuildFile; fileRef = 3B164FBD22ED97770053BAEA /* LaunchScreen.storyboard */; };
		3B164FC722ED9BD10053BAEA /* ViewController2.swift in Sources */ = {isa = PBXBuildFile; fileRef = 3B164FC622ED9BD10053BAEA /* ViewController2.swift */; };
		3B164FC922ED9E930053BAEA /* ViewController3.swift in Sources */ = {isa = PBXBuildFile; fileRef = 3B164FC822ED9E930053BAEA /* ViewController3.swift */; };
/* End PBXBuildFile section */

/* Begin PBXFileReference section */
		3B164FB122ED97750053BAEA /* HelloSwitchViewAgain.app */ = {isa = PBXFileReference; explicitFileType = wrapper.application; includeInIndex = 0; path = HelloSwitchViewAgain.app; sourceTree = BUILT_PRODUCTS_DIR; };
		3B164FB422ED97750053BAEA /* AppDelegate.swift */ = {isa = PBXFileReference; lastKnownFileType = sourcecode.swift; path = AppDelegate.swift; sourceTree = "<group>"; };
		3B164FB622ED97750053BAEA /* ViewController.swift */ = {isa = PBXFileReference; lastKnownFileType = sourcecode.swift; path = ViewController.swift; sourceTree = "<group>"; };
		3B164FB922ED97750053BAEA /* Base */ = {isa = PBXFileReference; lastKnownFileType = file.storyboard; name = Base; path = Base.lproj/Main.storyboard; sourceTree = "<group>"; };
		3B164FBB22ED97770053BAEA /* Assets.xcassets */ = {isa = PBXFileReference; lastKnownFileType = folder.assetcatalog; path = Assets.xcassets; sourceTree = "<group>"; };
		3B164FBE22ED97770053BAEA /* Base */ = {isa = PBXFileReference; lastKnownFileType = file.storyboard; name = Base; path = Base.lproj/LaunchScreen.storyboard; sourceTree = "<group>"; };
		3B164FC022ED97770053BAEA /* Info.plist */ = {isa = PBXFileReference; lastKnownFileType = text.plist.xml; path = Info.plist; sourceTree = "<group>"; };
		3B164FC622ED9BD10053BAEA /* ViewController2.swift */ = {isa = PBXFileReference; lastKnownFileType = sourcecode.swift; path = ViewController2.swift; sourceTree = "<group>"; };
		3B164FC822ED9E930053BAEA /* ViewController3.swift */ = {isa = PBXFileReference; lastKnownFileType = sourcecode.swift; path = ViewController3.swift; sourceTree = "<group>"; };
/* End PBXFileReference section */

/* Begin PBXFrameworksBuildPhase section */
		3B164FAE22ED97750053BAEA /* Frameworks */ = {
			isa = PBXFrameworksBuildPhase;
			buildActionMask = 2147483647;
			files = (
			);
			runOnlyForDeploymentPostprocessing = 0;
		};
/* End PBXFrameworksBuildPhase section */

/* Begin PBXGroup section */
		3B164FA822ED97750053BAEA = {
			isa = PBXGroup;
			children = (
				3B164FB322ED97750053BAEA /* HelloSwitchViewAgain */,
				3B164FB222ED97750053BAEA /* Products */,
			);
			sourceTree = "<group>";
		};
		3B164FB222ED97750053BAEA /* Products */ = {
			isa = PBXGroup;
			children = (
				3B164FB122ED97750053BAEA /* HelloSwitchViewAgain.app */,
			);
			name = Products;
			sourceTree = "<group>";
		};
		3B164FB322ED97750053BAEA /* HelloSwitchViewAgain */ = {
			isa = PBXGroup;
			children = (
				3B164FB422ED97750053BAEA /* AppDelegate.swift */,
				3B164FB622ED97750053BAEA /* ViewController.swift */,
				3B164FB822ED97750053BAEA /* Main.storyboard */,
				3B164FC622ED9BD10053BAEA /* ViewController2.swift */,
				3B164FC822ED9E930053BAEA /* ViewController3.swift */,
				3B164FBB22ED97770053BAEA /* Assets.xcassets */,
				3B164FBD22ED97770053BAEA /* LaunchScreen.storyboard */,
				3B164FC022ED97770053BAEA /* Info.plist */,
			);
			path = HelloSwitchViewAgain;
			sourceTree = "<group>";
		};
/* End PBXGroup section */

/* Begin PBXNativeTarget section */
		3B164FB022ED97750053BAEA /* HelloSwitchViewAgain */ = {
			isa = PBXNativeTarget;
			buildConfigurationList = 3B164FC322ED97770053BAEA /* Build configuration list for PBXNativeTarget "HelloSwitchViewAgain" */;
			buildPhases = (
				3B164FAD22ED97750053BAEA /* Sources */,
				3B164FAE22ED97750053BAEA /* Frameworks */,
				3B164FAF22ED97750053BAEA /* Resources */,
			);
			buildRules = (
			);
			dependencies = (
			);
			name = HelloSwitchViewAgain;
			productName = HelloSwitchViewAgain;
			productReference = 3B164FB122ED97750053BAEA /* HelloSwitchViewAgain.app */;
			productType = "com.apple.product-type.application";
		};
/* End PBXNativeTarget section */

/* Begin PBXProject section */
		3B164FA922ED97750053BAEA /* Project object */ = {
			isa = PBXProject;
			attributes = {
				LastSwiftUpdateCheck = 1010;
				LastUpgradeCheck = 1010;
				ORGANIZATIONNAME = Yilin;
				TargetAttributes = {
					3B164FB022ED97750053BAEA = {
						CreatedOnToolsVersion = 10.1;
					};
				};
			};
			buildConfigurationList = 3B164FAC22ED97750053BAEA /* Build configuration list for PBXProject "HelloSwitchViewAgain" */;
			compatibilityVersion = "Xcode 9.3";
			developmentRegion = en;
			hasScannedForEncodings = 0;
			knownRegions = (
				en,
				Base,
			);
			mainGroup = 3B164FA822ED97750053BAEA;
			productRefGroup = 3B164FB222ED97750053BAEA /* Products */;
			projectDirPath = "";
			projectRoot = "";
			targets = (
				3B164FB022ED97750053BAEA /* HelloSwitchViewAgain */,
			);
		};
/* End PBXProject section */

/* Begin PBXResourcesBuildPhase section */
		3B164FAF22ED97750053BAEA /* Resources */ = {
			isa = PBXResourcesBuildPhase;
			buildActionMask = 2147483647;
			files = (
				3B164FBF22ED97770053BAEA /* LaunchScreen.storyboard in Resources */,
				3B164FBC22ED97770053BAEA /* Assets.xcassets in Resources */,
				3B164FBA22ED97750053BAEA /* Main.storyboard in Resources */,
			);
			runOnlyForDeploymentPostprocessing = 0;
		};
/* End PBXResourcesBuildPhase section */

/* Begin PBXSourcesBuildPhase section */
		3B164FAD22ED97750053BAEA /* Sources */ = {
			isa = PBXSourcesBuildPhase;
			buildActionMask = 2147483647;
			files = (
				3B164FB722ED97750053BAEA /* ViewController.swift in Sources */,
				3B164FB522ED97750053BAEA /* AppDelegate.swift in Sources */,
				3B164FC922ED9E930053BAEA /* ViewController3.swift in Sources */,
				3B164FC722ED9BD10053BAEA /* ViewController2.swift in Sources */,
			);
			runOnlyForDeploymentPostprocessing = 0;
		};
/* End PBXSourcesBuildPhase section */

/* Begin PBXVariantGroup section */
		3B164FB822ED97750053BAEA /* Main.storyboard */ = {
			isa = PBXVariantGroup;
			children = (
				3B164FB922ED97750053BAEA /* Base */,
			);
			name = Main.storyboard;
			sourceTree = "<group>";
		};
		3B164FBD22ED97770053BAEA /* LaunchScreen.storyboard */ = {
			isa = PBXVariantGroup;
			children = (
				3B164FBE22ED97770053BAEA /* Base */,
			);
			name = LaunchScreen.storyboard;
			sourceTree = "<group>";
		};
/* End PBXVariantGroup section */

/* Begin XCBuildConfiguration section */
		3B164FC122ED97770053BAEA /* Debug */ = {
			isa = XCBuildConfiguration;
			buildSettings = {
				ALWAYS_SEARCH_USER_PATHS = NO;
				CLANG_ANALYZER_NONNULL = YES;
				CLANG_ANALYZER_NUMBER_OBJECT_CONVERSION = YES_AGGRESSIVE;
				CLANG_CXX_LANGUAGE_STANDARD = "gnu++14";
				CLANG_CXX_LIBRARY = "libc++";
				CLANG_ENABLE_MODULES = YES;
				CLANG_ENABLE_OBJC_ARC = YES;
				CLANG_ENABLE_OBJC_WEAK = YES;
				CLANG_WARN_BLOCK_CAPTURE_AUTORELEASING = YES;
				CLANG_WARN_BOOL_CONVERSION = YES;
				CLANG_WARN_COMMA = YES;
				CLANG_WARN_CONSTANT_CONVERSION = YES;
				CLANG_WARN_DEPRECATED_OBJC_IMPLEMENTATIONS = YES;
				CLANG_WARN_DIRECT_OBJC_ISA_USAGE = YES_ERROR;
				CLANG_WARN_DOCUMENTATION_COMMENTS = YES;
				CLANG_WARN_EMPTY_BODY = YES;
				CLANG_WARN_ENUM_CONVERSION = YES;
				CLANG_WARN_INFINITE_RECURSION = YES;
				CLANG_WARN_INT_CONVERSION = YES;
				CLANG_WARN_NON_LITERAL_NULL_CONVERSION = YES;
				CLANG_WARN_OBJC_IMPLICIT_RETAIN_SELF = YES;
				CLANG_WARN_OBJC_LITERAL_CONVERSION = YES;
				CLANG_WARN_OBJC_ROOT_CLASS = YES_ERROR;
				CLANG_WARN_RANGE_LOOP_ANALYSIS = YES;
				CLANG_WARN_STRICT_PROTOTYPES = YES;
				CLANG_WARN_SUSPICIOUS_MOVE = YES;
				CLANG_WARN_UNGUARDED_AVAILABILITY = YES_AGGRESSIVE;
				CLANG_WARN_UNREACHABLE_CODE = YES;
				CLANG_WARN__DUPLICATE_METHOD_MATCH = YES;
				CODE_SIGN_IDENTITY = "iPhone Developer";
				COPY_PHASE_STRIP = NO;
				DEBUG_INFORMATION_FORMAT = dwarf;
				ENABLE_STRICT_OBJC_MSGSEND = YES;
				ENABLE_TESTABILITY = YES;
				GCC_C_LANGUAGE_STANDARD = gnu11;
				GCC_DYNAMIC_NO_PIC = NO;
				GCC_NO_COMMON_BLOCKS = YES;
				GCC_OPTIMIZATION_LEVEL = 0;
				GCC_PREPROCESSOR_DEFINITIONS = (
					"DEBUG=1",
					"$(inherited)",
				);
				GCC_WARN_64_TO_32_BIT_CONVERSION = YES;
				GCC_WARN_ABOUT_RETURN_TYPE = YES_ERROR;
				GCC_WARN_UNDECLARED_SELECTOR = YES;
				GCC_WARN_UNINITIALIZED_AUTOS = YES_AGGRESSIVE;
				GCC_WARN_UNUSED_FUNCTION = YES;
				GCC_WARN_UNUSED_VARIABLE = YES;
				IPHONEOS_DEPLOYMENT_TARGET = 12.1;
				MTL_ENABLE_DEBUG_INFO = INCLUDE_SOURCE;
				MTL_FAST_MATH = YES;
				ONLY_ACTIVE_ARCH = YES;
				SDKROOT = iphoneos;
				SWIFT_ACTIVE_COMPILATION_CONDITIONS = DEBUG;
				SWIFT_OPTIMIZATION_LEVEL = "-Onone";
			};
			name = Debug;
		};
		3B164FC222ED97770053BAEA /* Release */ = {
			isa = XCBuildConfiguration;
			buildSettings = {
				ALWAYS_SEARCH_USER_PATHS = NO;
				CLANG_ANALYZER_NONNULL = YES;
				CLANG_ANALYZER_NUMBER_OBJECT_CONVERSION = YES_AGGRESSIVE;
				CLANG_CXX_LANGUAGE_STANDARD = "gnu++14";
				CLANG_CXX_LIBRARY = "libc++";
				CLANG_ENABLE_MODULES = YES;
				CLANG_ENABLE_OBJC_ARC = YES;
				CLANG_ENABLE_OBJC_WEAK = YES;
				CLANG_WARN_BLOCK_CAPTURE_AUTORELEASING = YES;
				CLANG_WARN_BOOL_CONVERSION = YES;
				CLANG_WARN_COMMA = YES;
				CLANG_WARN_CONSTANT_CONVERSION = YES;
				CLANG_WARN_DEPRECATED_OBJC_IMPLEMENTATIONS = YES;
				CLANG_WARN_DIRECT_OBJC_ISA_USAGE = YES_ERROR;
				CLANG_WARN_DOCUMENTATION_COMMENTS = YES;
				CLANG_WARN_EMPTY_BODY = YES;
				CLANG_WARN_ENUM_CONVERSION = YES;
				CLANG_WARN_INFINITE_RECURSION = YES;
				CLANG_WARN_INT_CONVERSION = YES;
				CLANG_WARN_NON_LITERAL_NULL_CONVERSION = YES;
				CLANG_WARN_OBJC_IMPLICIT_RETAIN_SELF = YES;
				CLANG_WARN_OBJC_LITERAL_CONVERSION = YES;
				CLANG_WARN_OBJC_ROOT_CLASS = YES_ERROR;
				CLANG_WARN_RANGE_LOOP_ANALYSIS = YES;
				CLANG_WARN_STRICT_PROTOTYPES = YES;
				CLANG_WARN_SUSPICIOUS_MOVE = YES;
				CLANG_WARN_UNGUARDED_AVAILABILITY = YES_AGGRESSIVE;
				CLANG_WARN_UNREACHABLE_CODE = YES;
				CLANG_WARN__DUPLICATE_METHOD_MATCH = YES;
				CODE_SIGN_IDENTITY = "iPhone Developer";
				COPY_PHASE_STRIP = NO;
				DEBUG_INFORMATION_FORMAT = "dwarf-with-dsym";
				ENABLE_NS_ASSERTIONS = NO;
				ENABLE_STRICT_OBJC_MSGSEND = YES;
				GCC_C_LANGUAGE_STANDARD = gnu11;
				GCC_NO_COMMON_BLOCKS = YES;
				GCC_WARN_64_TO_32_BIT_CONVERSION = YES;
				GCC_WARN_ABOUT_RETURN_TYPE = YES_ERROR;
				GCC_WARN_UNDECLARED_SELECTOR = YES;
				GCC_WARN_UNINITIALIZED_AUTOS = YES_AGGRESSIVE;
				GCC_WARN_UNUSED_FUNCTION = YES;
				GCC_WARN_UNUSED_VARIABLE = YES;
				IPHONEOS_DEPLOYMENT_TARGET = 12.1;
				MTL_ENABLE_DEBUG_INFO = NO;
				MTL_FAST_MATH = YES;
				SDKROOT = iphoneos;
				SWIFT_COMPILATION_MODE = wholemodule;
				SWIFT_OPTIMIZATION_LEVEL = "-O";
				VALIDATE_PRODUCT = YES;
			};
			name = Release;
		};
		3B164FC422ED97770053BAEA /* Debug */ = {
			isa = XCBuildConfiguration;
			buildSettings = {
				ASSETCATALOG_COMPILER_APPICON_NAME = AppIcon;
				CODE_SIGN_STYLE = Automatic;
				INFOPLIST_FILE = HelloSwitchViewAgain/Info.plist;
				LD_RUNPATH_SEARCH_PATHS = (
					"$(inherited)",
					"@executable_path/Frameworks",
				);
				PRODUCT_BUNDLE_IDENTIFIER = demo.HelloSwitchViewAgain;
				PRODUCT_NAME = "$(TARGET_NAME)";
				SWIFT_VERSION = 4.2;
				TARGETED_DEVICE_FAMILY = "1,2";
			};
			name = Debug;
		};
		3B164FC522ED97770053BAEA /* Release */ = {
			isa = XCBuildConfiguration;
			buildSettings = {
				ASSETCATALOG_COMPILER_APPICON_NAME = AppIcon;
				CODE_SIGN_STYLE = Automatic;
				INFOPLIST_FILE = HelloSwitchViewAgain/Info.plist;
				LD_RUNPATH_SEARCH_PATHS = (
					"$(inherited)",
					"@executable_path/Frameworks",
				);
				PRODUCT_BUNDLE_IDENTIFIER = demo.HelloSwitchViewAgain;
				PRODUCT_NAME = "$(TARGET_NAME)";
				SWIFT_VERSION = 4.2;
				TARGETED_DEVICE_FAMILY = "1,2";
			};
			name = Release;
		};
/* End XCBuildConfiguration section */

/* Begin XCConfigurationList section */
		3B164FAC22ED97750053BAEA /* Build configuration list for PBXProject "HelloSwitchViewAgain" */ = {
			isa = XCConfigurationList;
			buildConfigurations = (
				3B164FC122ED97770053BAEA /* Debug */,
				3B164FC222ED97770053BAEA /* Release */,
			);
			defaultConfigurationIsVisible = 0;
			defaultConfigurationName = Release;
		};
		3B164FC322ED97770053BAEA /* Build configuration list for PBXNativeTarget "HelloSwitchViewAgain" */ = {
			isa = XCConfigurationList;
			buildConfigurations = (
				3B164FC422ED97770053BAEA /* Debug */,
				3B164FC522ED97770053BAEA /* Release */,
			);
			defaultConfigurationIsVisible = 0;
			defaultConfigurationName = Release;
		};
/* End XCConfigurationList section */
	};
	rootObject = 3B164FA922ED97750053BAEA /* Project object */;
}
